
Microsoft Visual Studio Solution File, Format Version 12.00
# Visual Studio 15
VisualStudioVersion = 15.0.27703.2042
MinimumVisualStudioVersion = 10.0.40219.1
Project("{FAE04EC0-301F-11D3-BF4B-00C04F79EFBC}") = "WbAppTravelReminder", "WbAppTravelReminder\WbAppTravelReminder.csproj", "{6207CD14-8674-4E90-828B-B65AE9858E30}"
EndProject
Project("{FAE04EC0-301F-11D3-BF4B-00C04F79EFBC}") = "WbAppTravelReminder.Tests", "WbAppTravelReminder.Tests\WbAppTravelReminder.Tests.csproj", "{3117429C-41D8-4D37-933F-4987A76A07D5}"
EndProject
Global
	GlobalSection(SolutionConfigurationPlatforms) = preSolution
		Debug|Any CPU = Debug|Any CPU
		Release|Any CPU = Release|Any CPU
	EndGlobalSection
	GlobalSection(ProjectConfigurationPlatforms) = postSolution
		{6207CD14-8674-4E90-828B-B65AE9858E30}.Debug|Any CPU.ActiveCfg = Debug|Any CPU
		{6207CD14-8674-4E90-828B-B65AE9858E30}.Debug|Any CPU.Build.0 = Debug|Any CPU
		{6207CD14-8674-4E90-828B-B65AE9858E30}.Release|Any CPU.ActiveCfg = Release|Any CPU
		{6207CD14-8674-4E90-828B-B65AE9858E30}.Release|Any CPU.Build.0 = Release|Any CPU
		{3117429C-41D8-4D37-933F-4987A76A07D5}.Debug|Any CPU.ActiveCfg = Debug|Any CPU
		{3117429C-41D8-4D37-933F-4987A76A07D5}.Debug|Any CPU.Build.0 = Debug|Any CPU
		{3117429C-41D8-4D37-933F-4987A76A07D5}.Release|Any CPU.ActiveCfg = Release|Any CPU
		{3117429C-41D8-4D37-933F-4987A76A07D5}.Release|Any CPU.Build.0 = Release|Any CPU
	EndGlobalSection
	GlobalSection(SolutionProperties) = preSolution
		HideSolutionNode = FALSE
	EndGlobalSection
	GlobalSection(ExtensibilityGlobals) = postSolution
		SolutionGuid = {486068B1-F5BF-488D-9B7A-28438B9168CA}
	EndGlobalSection
EndGlobal
